// !$*UTF8*$!
{
	archiveVersion = 1;
	classes = {
	};
	objectVersion = 56;
	objects = {

/* Begin PBXBuildFile section */
		F97C63842BAAFAAD004FA26F /* AppDelegate.swift in Sources */ = {isa = PBXBuildFile; fileRef = F97C63832BAAFAAD004FA26F /* AppDelegate.swift */; };
		F97C63862BAAFAAD004FA26F /* SceneDelegate.swift in Sources */ = {isa = PBXBuildFile; fileRef = F97C63852BAAFAAD004FA26F /* SceneDelegate.swift */; };
		F97C63882BAAFAAD004FA26F /* AccountsViewController.swift in Sources */ = {isa = PBXBuildFile; fileRef = F97C63872BAAFAAD004FA26F /* AccountsViewController.swift */; };
		F97C638B2BAAFAAD004FA26F /* Base in Resources */ = {isa = PBXBuildFile; fileRef = F97C638A2BAAFAAD004FA26F /* Base */; };
		F97C638D2BAAFAAF004FA26F /* Assets.xcassets in Resources */ = {isa = PBXBuildFile; fileRef = F97C638C2BAAFAAF004FA26F /* Assets.xcassets */; };
		F97C63902BAAFAAF004FA26F /* Base in Resources */ = {isa = PBXBuildFile; fileRef = F97C638F2BAAFAAF004FA26F /* Base */; };
		F97C63992BAAFAE3004FA26F /* LinkKit in Frameworks */ = {isa = PBXBuildFile; productRef = F97C63982BAAFAE3004FA26F /* LinkKit */; };
/* End PBXBuildFile section */

/* Begin PBXFileReference section */
		F97C63802BAAFAAD004FA26F /* Plaid-Integration.app */ = {isa = PBXFileReference; explicitFileType = wrapper.application; includeInIndex = 0; path = "Plaid-Integration.app"; sourceTree = BUILT_PRODUCTS_DIR; };
		F97C63832BAAFAAD004FA26F /* AppDelegate.swift */ = {isa = PBXFileReference; lastKnownFileType = sourcecode.swift; path = AppDelegate.swift; sourceTree = "<group>"; };
		F97C63852BAAFAAD004FA26F /* SceneDelegate.swift */ = {isa = PBXFileReference; lastKnownFileType = sourcecode.swift; path = SceneDelegate.swift; sourceTree = "<group>"; };
		F97C63872BAAFAAD004FA26F /* AccountsViewController.swift */ = {isa = PBXFileReference; lastKnownFileType = sourcecode.swift; path = AccountsViewController.swift; sourceTree = "<group>"; };
		F97C638A2BAAFAAD004FA26F /* Base */ = {isa = PBXFileReference; lastKnownFileType = file.storyboard; name = Base; path = Base.lproj/Main.storyboard; sourceTree = "<group>"; };
		F97C638C2BAAFAAF004FA26F /* Assets.xcassets */ = {isa = PBXFileReference; lastKnownFileType = folder.assetcatalog; path = Assets.xcassets; sourceTree = "<group>"; };
		F97C638F2BAAFAAF004FA26F /* Base */ = {isa = PBXFileReference; lastKnownFileType = file.storyboard; name = Base; path = Base.lproj/LaunchScreen.storyboard; sourceTree = "<group>"; };
		F97C63912BAAFAAF004FA26F /* Info.plist */ = {isa = PBXFileReference; lastKnownFileType = text.plist.xml; path = Info.plist; sourceTree = "<group>"; };
/* End PBXFileReference section */

/* Begin PBXFrameworksBuildPhase section */
		F97C637D2BAAFAAD004FA26F /* Frameworks */ = {
			isa = PBXFrameworksBuildPhase;
			buildActionMask = 2147483647;
			files = (
				F97C63992BAAFAE3004FA26F /* LinkKit in Frameworks */,
			);
			runOnlyForDeploymentPostprocessing = 0;
		};
/* End PBXFrameworksBuildPhase section */

/* Begin PBXGroup section */
		F97C63772BAAFAAD004FA26F = {
			isa = PBXGroup;
			children = (
				F97C63822BAAFAAD004FA26F /* Plaid-Integration */,
				F97C63812BAAFAAD004FA26F /* Products */,
			);
			sourceTree = "<group>";
		};
		F97C63812BAAFAAD004FA26F /* Products */ = {
			isa = PBXGroup;
			children = (
				F97C63802BAAFAAD004FA26F /* Plaid-Integration.app */,
			);
			name = Products;
			sourceTree = "<group>";
		};
		F97C63822BAAFAAD004FA26F /* Plaid-Integration */ = {
			isa = PBXGroup;
			children = (
				F97C639A2BAAFBAD004FA26F /* Accounts */,
				F97C63832BAAFAAD004FA26F /* AppDelegate.swift */,
				F97C63852BAAFAAD004FA26F /* SceneDelegate.swift */,
				F97C63892BAAFAAD004FA26F /* Main.storyboard */,
				F97C638C2BAAFAAF004FA26F /* Assets.xcassets */,
				F97C638E2BAAFAAF004FA26F /* LaunchScreen.storyboard */,
				F97C63912BAAFAAF004FA26F /* Info.plist */,
			);
			path = "Plaid-Integration";
			sourceTree = "<group>";
		};
		F97C639A2BAAFBAD004FA26F /* Accounts */ = {
			isa = PBXGroup;
			children = (
				F97C63872BAAFAAD004FA26F /* AccountsViewController.swift */,
			);
			path = Accounts;
			sourceTree = "<group>";
		};
/* End PBXGroup section */

/* Begin PBXNativeTarget section */
		F97C637F2BAAFAAD004FA26F /* Plaid-Integration */ = {
			isa = PBXNativeTarget;
			buildConfigurationList = F97C63942BAAFAAF004FA26F /* Build configuration list for PBXNativeTarget "Plaid-Integration" */;
			buildPhases = (
				F97C637C2BAAFAAD004FA26F /* Sources */,
				F97C637D2BAAFAAD004FA26F /* Frameworks */,
				F97C637E2BAAFAAD004FA26F /* Resources */,
			);
			buildRules = (
			);
			dependencies = (
			);
			name = "Plaid-Integration";
			packageProductDependencies = (
				F97C63982BAAFAE3004FA26F /* LinkKit */,
			);
			productName = "Plaid-Integration";
			productReference = F97C63802BAAFAAD004FA26F /* Plaid-Integration.app */;
			productType = "com.apple.product-type.application";
		};
/* End PBXNativeTarget section */

/* Begin PBXProject section */
		F97C63782BAAFAAD004FA26F /* Project object */ = {
			isa = PBXProject;
			attributes = {
				BuildIndependentTargetsInParallel = 1;
				LastSwiftUpdateCheck = 1530;
				LastUpgradeCheck = 1530;
				TargetAttributes = {
					F97C637F2BAAFAAD004FA26F = {
						CreatedOnToolsVersion = 15.3;
					};
				};
			};
			buildConfigurationList = F97C637B2BAAFAAD004FA26F /* Build configuration list for PBXProject "Plaid-Integration" */;
			compatibilityVersion = "Xcode 14.0";
			developmentRegion = en;
			hasScannedForEncodings = 0;
			knownRegions = (
				en,
				Base,
			);
			mainGroup = F97C63772BAAFAAD004FA26F;
			packageReferences = (
				F97C63972BAAFAE3004FA26F /* XCRemoteSwiftPackageReference "plaid-link-ios" */,
			);
			productRefGroup = F97C63812BAAFAAD004FA26F /* Products */;
			projectDirPath = "";
			projectRoot = "";
			targets = (
				F97C637F2BAAFAAD004FA26F /* Plaid-Integration */,
			);
		};
/* End PBXProject section */

/* Begin PBXResourcesBuildPhase section */
		F97C637E2BAAFAAD004FA26F /* Resources */ = {
			isa = PBXResourcesBuildPhase;
			buildActionMask = 2147483647;
			files = (
				F97C638D2BAAFAAF004FA26F /* Assets.xcassets in Resources */,
				F97C63902BAAFAAF004FA26F /* Base in Resources */,
				F97C638B2BAAFAAD004FA26F /* Base in Resources */,
			);
			runOnlyForDeploymentPostprocessing = 0;
		};
/* End PBXResourcesBuildPhase section */

/* Begin PBXSourcesBuildPhase section */
		F97C637C2BAAFAAD004FA26F /* Sources */ = {
			isa = PBXSourcesBuildPhase;
			buildActionMask = 2147483647;
			files = (
				F97C63882BAAFAAD004FA26F /* AccountsViewController.swift in Sources */,
				F97C63842BAAFAAD004FA26F /* AppDelegate.swift in Sources */,
				F97C63862BAAFAAD004FA26F /* SceneDelegate.swift in Sources */,
			);
			runOnlyForDeploymentPostprocessing = 0;
		};
/* End PBXSourcesBuildPhase section */

/* Begin PBXVariantGroup section */
		F97C63892BAAFAAD004FA26F /* Main.storyboard */ = {
			isa = PBXVariantGroup;
			children = (
				F97C638A2BAAFAAD004FA26F /* Base */,
			);
			name = Main.storyboard;
			sourceTree = "<group>";
		};
		F97C638E2BAAFAAF004FA26F /* LaunchScreen.storyboard */ = {
			isa = PBXVariantGroup;
			children = (
				F97C638F2BAAFAAF004FA26F /* Base */,
			);
			name = LaunchScreen.storyboard;
			sourceTree = "<group>";
		};
/* End PBXVariantGroup section */

/* Begin XCBuildConfiguration section */
		F97C63922BAAFAAF004FA26F /* Debug */ = {
			isa = XCBuildConfiguration;
			buildSettings = {
				ALWAYS_SEARCH_USER_PATHS = NO;
				ASSETCATALOG_COMPILER_GENERATE_SWIFT_ASSET_SYMBOL_EXTENSIONS = YES;
				CLANG_ANALYZER_NONNULL = YES;
				CLANG_ANALYZER_NUMBER_OBJECT_CONVERSION = YES_AGGRESSIVE;
				CLANG_CXX_LANGUAGE_STANDARD = "gnu++20";
				CLANG_ENABLE_MODULES = YES;
				CLANG_ENABLE_OBJC_ARC = YES;
				CLANG_ENABLE_OBJC_WEAK = YES;
				CLANG_WARN_BLOCK_CAPTURE_AUTORELEASING = YES;
				CLANG_WARN_BOOL_CONVERSION = YES;
				CLANG_WARN_COMMA = YES;
				CLANG_WARN_CONSTANT_CONVERSION = YES;
				CLANG_WARN_DEPRECATED_OBJC_IMPLEMENTATIONS = YES;
				CLANG_WARN_DIRECT_OBJC_ISA_USAGE = YES_ERROR;
				CLANG_WARN_DOCUMENTATION_COMMENTS = YES;
				CLANG_WARN_EMPTY_BODY = YES;
				CLANG_WARN_ENUM_CONVERSION = YES;
				CLANG_WARN_INFINITE_RECURSION = YES;
				CLANG_WARN_INT_CONVERSION = YES;
				CLANG_WARN_NON_LITERAL_NULL_CONVERSION = YES;
				CLANG_WARN_OBJC_IMPLICIT_RETAIN_SELF = YES;
				CLANG_WARN_OBJC_LITERAL_CONVERSION = YES;
				CLANG_WARN_OBJC_ROOT_CLASS = YES_ERROR;
				CLANG_WARN_QUOTED_INCLUDE_IN_FRAMEWORK_HEADER = YES;
				CLANG_WARN_RANGE_LOOP_ANALYSIS = YES;
				CLANG_WARN_STRICT_PROTOTYPES = YES;
				CLANG_WARN_SUSPICIOUS_MOVE = YES;
				CLANG_WARN_UNGUARDED_AVAILABILITY = YES_AGGRESSIVE;
				CLANG_WARN_UNREACHABLE_CODE = YES;
				CLANG_WARN__DUPLICATE_METHOD_MATCH = YES;
				COPY_PHASE_STRIP = NO;
				DEBUG_INFORMATION_FORMAT = dwarf;
				ENABLE_STRICT_OBJC_MSGSEND = YES;
				ENABLE_TESTABILITY = YES;
				ENABLE_USER_SCRIPT_SANDBOXING = YES;
				GCC_C_LANGUAGE_STANDARD = gnu17;
				GCC_DYNAMIC_NO_PIC = NO;
				GCC_NO_COMMON_BLOCKS = YES;
				GCC_OPTIMIZATION_LEVEL = 0;
				GCC_PREPROCESSOR_DEFINITIONS = (
					"DEBUG=1",
					"$(inherited)",
				);
				GCC_WARN_64_TO_32_BIT_CONVERSION = YES;
				GCC_WARN_ABOUT_RETURN_TYPE = YES_ERROR;
				GCC_WARN_UNDECLARED_SELECTOR = YES;
				GCC_WARN_UNINITIALIZED_AUTOS = YES_AGGRESSIVE;
				GCC_WARN_UNUSED_FUNCTION = YES;
				GCC_WARN_UNUSED_VARIABLE = YES;
				IPHONEOS_DEPLOYMENT_TARGET = 17.4;
				LOCALIZATION_PREFERS_STRING_CATALOGS = YES;
				MTL_ENABLE_DEBUG_INFO = INCLUDE_SOURCE;
				MTL_FAST_MATH = YES;
				ONLY_ACTIVE_ARCH = YES;
				SDKROOT = iphoneos;
				SWIFT_ACTIVE_COMPILATION_CONDITIONS = "DEBUG $(inherited)";
				SWIFT_OPTIMIZATION_LEVEL = "-Onone";
			};
			name = Debug;
		};
		F97C63932BAAFAAF004FA26F /* Release */ = {
			isa = XCBuildConfiguration;
			buildSettings = {
				ALWAYS_SEARCH_USER_PATHS = NO;
				ASSETCATALOG_COMPILER_GENERATE_SWIFT_ASSET_SYMBOL_EXTENSIONS = YES;
				CLANG_ANALYZER_NONNULL = YES;
				CLANG_ANALYZER_NUMBER_OBJECT_CONVERSION = YES_AGGRESSIVE;
				CLANG_CXX_LANGUAGE_STANDARD = "gnu++20";
				CLANG_ENABLE_MODULES = YES;
				CLANG_ENABLE_OBJC_ARC = YES;
				CLANG_ENABLE_OBJC_WEAK = YES;
				CLANG_WARN_BLOCK_CAPTURE_AUTORELEASING = YES;
				CLANG_WARN_BOOL_CONVERSION = YES;
				CLANG_WARN_COMMA = YES;
				CLANG_WARN_CONSTANT_CONVERSION = YES;
				CLANG_WARN_DEPRECATED_OBJC_IMPLEMENTATIONS = YES;
				CLANG_WARN_DIRECT_OBJC_ISA_USAGE = YES_ERROR;
				CLANG_WARN_DOCUMENTATION_COMMENTS = YES;
				CLANG_WARN_EMPTY_BODY = YES;
				CLANG_WARN_ENUM_CONVERSION = YES;
				CLANG_WARN_INFINITE_RECURSION = YES;
				CLANG_WARN_INT_CONVERSION = YES;
				CLANG_WARN_NON_LITERAL_NULL_CONVERSION = YES;
				CLANG_WARN_OBJC_IMPLICIT_RETAIN_SELF = YES;
				CLANG_WARN_OBJC_LITERAL_CONVERSION = YES;
				CLANG_WARN_OBJC_ROOT_CLASS = YES_ERROR;
				CLANG_WARN_QUOTED_INCLUDE_IN_FRAMEWORK_HEADER = YES;
				CLANG_WARN_RANGE_LOOP_ANALYSIS = YES;
				CLANG_WARN_STRICT_PROTOTYPES = YES;
				CLANG_WARN_SUSPICIOUS_MOVE = YES;
				CLANG_WARN_UNGUARDED_AVAILABILITY = YES_AGGRESSIVE;
				CLANG_WARN_UNREACHABLE_CODE = YES;
				CLANG_WARN__DUPLICATE_METHOD_MATCH = YES;
				COPY_PHASE_STRIP = NO;
				DEBUG_INFORMATION_FORMAT = "dwarf-with-dsym";
				ENABLE_NS_ASSERTIONS = NO;
				ENABLE_STRICT_OBJC_MSGSEND = YES;
				ENABLE_USER_SCRIPT_SANDBOXING = YES;
				GCC_C_LANGUAGE_STANDARD = gnu17;
				GCC_NO_COMMON_BLOCKS = YES;
				GCC_WARN_64_TO_32_BIT_CONVERSION = YES;
				GCC_WARN_ABOUT_RETURN_TYPE = YES_ERROR;
				GCC_WARN_UNDECLARED_SELECTOR = YES;
				GCC_WARN_UNINITIALIZED_AUTOS = YES_AGGRESSIVE;
				GCC_WARN_UNUSED_FUNCTION = YES;
				GCC_WARN_UNUSED_VARIABLE = YES;
				IPHONEOS_DEPLOYMENT_TARGET = 17.4;
				LOCALIZATION_PREFERS_STRING_CATALOGS = YES;
				MTL_ENABLE_DEBUG_INFO = NO;
				MTL_FAST_MATH = YES;
				SDKROOT = iphoneos;
				SWIFT_COMPILATION_MODE = wholemodule;
				VALIDATE_PRODUCT = YES;
			};
			name = Release;
		};
		F97C63952BAAFAAF004FA26F /* Debug */ = {
			isa = XCBuildConfiguration;
			buildSettings = {
				ASSETCATALOG_COMPILER_APPICON_NAME = AppIcon;
				ASSETCATALOG_COMPILER_GLOBAL_ACCENT_COLOR_NAME = AccentColor;
				CODE_SIGN_STYLE = Automatic;
				CURRENT_PROJECT_VERSION = 1;
				GENERATE_INFOPLIST_FILE = YES;
				INFOPLIST_FILE = "Plaid-Integration/Info.plist";
				INFOPLIST_KEY_UIApplicationSupportsIndirectInputEvents = YES;
				INFOPLIST_KEY_UILaunchStoryboardName = LaunchScreen;
				INFOPLIST_KEY_UIMainStoryboardFile = Main;
				INFOPLIST_KEY_UISupportedInterfaceOrientations_iPad = "UIInterfaceOrientationPortrait UIInterfaceOrientationPortraitUpsideDown UIInterfaceOrientationLandscapeLeft UIInterfaceOrientationLandscapeRight";
				INFOPLIST_KEY_UISupportedInterfaceOrientations_iPhone = "UIInterfaceOrientationPortrait UIInterfaceOrientationLandscapeLeft UIInterfaceOrientationLandscapeRight";
				LD_RUNPATH_SEARCH_PATHS = (
					"$(inherited)",
					"@executable_path/Frameworks",
				);
				MARKETING_VERSION = 1.0;
				PRODUCT_BUNDLE_IDENTIFIER = "com.demo.Plaid-Integration";
				PRODUCT_NAME = "$(TARGET_NAME)";
				SWIFT_EMIT_LOC_STRINGS = YES;
				SWIFT_VERSION = 5.0;
				TARGETED_DEVICE_FAMILY = "1,2";
			};
			name = Debug;
		};
		F97C63962BAAFAAF004FA26F /* Release */ = {
			isa = XCBuildConfiguration;
			buildSettings = {
				ASSETCATALOG_COMPILER_APPICON_NAME = AppIcon;
				ASSETCATALOG_COMPILER_GLOBAL_ACCENT_COLOR_NAME = AccentColor;
				CODE_SIGN_STYLE = Automatic;
				CURRENT_PROJECT_VERSION = 1;
				GENERATE_INFOPLIST_FILE = YES;
				INFOPLIST_FILE = "Plaid-Integration/Info.plist";
				INFOPLIST_KEY_UIApplicationSupportsIndirectInputEvents = YES;
				INFOPLIST_KEY_UILaunchStoryboardName = LaunchScreen;
				INFOPLIST_KEY_UIMainStoryboardFile = Main;
				INFOPLIST_KEY_UISupportedInterfaceOrientations_iPad = "UIInterfaceOrientationPortrait UIInterfaceOrientationPortraitUpsideDown UIInterfaceOrientationLandscapeLeft UIInterfaceOrientationLandscapeRight";
				INFOPLIST_KEY_UISupportedInterfaceOrientations_iPhone = "UIInterfaceOrientationPortrait UIInterfaceOrientationLandscapeLeft UIInterfaceOrientationLandscapeRight";
				LD_RUNPATH_SEARCH_PATHS = (
					"$(inherited)",
					"@executable_path/Frameworks",
				);
				MARKETING_VERSION = 1.0;
				PRODUCT_BUNDLE_IDENTIFIER = "com.demo.Plaid-Integration";
				PRODUCT_NAME = "$(TARGET_NAME)";
				SWIFT_EMIT_LOC_STRINGS = YES;
				SWIFT_VERSION = 5.0;
				TARGETED_DEVICE_FAMILY = "1,2";
			};
			name = Release;
		};
/* End XCBuildConfiguration section */

/* Begin XCConfigurationList section */
		F97C637B2BAAFAAD004FA26F /* Build configuration list for PBXProject "Plaid-Integration" */ = {
			isa = XCConfigurationList;
			buildConfigurations = (
				F97C63922BAAFAAF004FA26F /* Debug */,
				F97C63932BAAFAAF004FA26F /* Release */,
			);
			defaultConfigurationIsVisible = 0;
			defaultConfigurationName = Release;
		};
		F97C63942BAAFAAF004FA26F /* Build configuration list for PBXNativeTarget "Plaid-Integration" */ = {
			isa = XCConfigurationList;
			buildConfigurations = (
				F97C63952BAAFAAF004FA26F /* Debug */,
				F97C63962BAAFAAF004FA26F /* Release */,
			);
			defaultConfigurationIsVisible = 0;
			defaultConfigurationName = Release;
		};
/* End XCConfigurationList section */

/* Begin XCRemoteSwiftPackageReference section */
		F97C63972BAAFAE3004FA26F /* XCRemoteSwiftPackageReference "plaid-link-ios" */ = {
			isa = XCRemoteSwiftPackageReference;
			repositoryURL = "https://github.com/plaid/plaid-link-ios";
			requirement = {
				kind = upToNextMajorVersion;
				minimumVersion = 5.3.0;
			};
		};
/* End XCRemoteSwiftPackageReference section */

/* Begin XCSwiftPackageProductDependency section */
		F97C63982BAAFAE3004FA26F /* LinkKit */ = {
			isa = XCSwiftPackageProductDependency;
			package = F97C63972BAAFAE3004FA26F /* XCRemoteSwiftPackageReference "plaid-link-ios" */;
			productName = LinkKit;
		};
/* End XCSwiftPackageProductDependency section */
	};
	rootObject = F97C63782BAAFAAD004FA26F /* Project object */;
}
